// !$*UTF8*$!
{
	archiveVersion = 1;
	classes = {
	};
	objectVersion = 50;
	objects = {

/* Begin PBXBuildFile section */
		C022C08425AB1A22006F9AFA /* AppDelegate.swift in Sources */ = {isa = PBXBuildFile; fileRef = C022C08325AB1A22006F9AFA /* AppDelegate.swift */; };
		C022C08625AB1A22006F9AFA /* SceneDelegate.swift in Sources */ = {isa = PBXBuildFile; fileRef = C022C08525AB1A22006F9AFA /* SceneDelegate.swift */; };
		C022C08D25AB1A24006F9AFA /* Assets.xcassets in Resources */ = {isa = PBXBuildFile; fileRef = C022C08C25AB1A24006F9AFA /* Assets.xcassets */; };
		C022C09025AB1A24006F9AFA /* LaunchScreen.storyboard in Resources */ = {isa = PBXBuildFile; fileRef = C022C08E25AB1A24006F9AFA /* LaunchScreen.storyboard */; };
		C0555AB525AB1BEE000A880F /* PalindromeCheckViewController.swift in Sources */ = {isa = PBXBuildFile; fileRef = C0555AB325AB1BEE000A880F /* PalindromeCheckViewController.swift */; };
		C0555AB625AB1BEE000A880F /* PalindromeCheckViewController.xib in Resources */ = {isa = PBXBuildFile; fileRef = C0555AB425AB1BEE000A880F /* PalindromeCheckViewController.xib */; };
		C0555AC325AB69F0000A880F /* PalindromeCheckInteractor.swift in Sources */ = {isa = PBXBuildFile; fileRef = C0555AC225AB69F0000A880F /* PalindromeCheckInteractor.swift */; };
		C0555AD725AB6E0E000A880F /* PalindromeCheckInteractorTests.swift in Sources */ = {isa = PBXBuildFile; fileRef = C0555AD625AB6E0E000A880F /* PalindromeCheckInteractorTests.swift */; };
/* End PBXBuildFile section */

/* Begin PBXContainerItemProxy section */
		C022C09725AB1A24006F9AFA /* PBXContainerItemProxy */ = {
			isa = PBXContainerItemProxy;
			containerPortal = C022C07825AB1A22006F9AFA /* Project object */;
			proxyType = 1;
			remoteGlobalIDString = C022C07F25AB1A22006F9AFA;
			remoteInfo = "Vitrue Test";
		};
/* End PBXContainerItemProxy section */

/* Begin PBXFileReference section */
		C022C08025AB1A22006F9AFA /* Vitrue Test.app */ = {isa = PBXFileReference; explicitFileType = wrapper.application; includeInIndex = 0; path = "Vitrue Test.app"; sourceTree = BUILT_PRODUCTS_DIR; };
		C022C08325AB1A22006F9AFA /* AppDelegate.swift */ = {isa = PBXFileReference; lastKnownFileType = sourcecode.swift; path = AppDelegate.swift; sourceTree = "<group>"; };
		C022C08525AB1A22006F9AFA /* SceneDelegate.swift */ = {isa = PBXFileReference; lastKnownFileType = sourcecode.swift; path = SceneDelegate.swift; sourceTree = "<group>"; };
		C022C08C25AB1A24006F9AFA /* Assets.xcassets */ = {isa = PBXFileReference; lastKnownFileType = folder.assetcatalog; path = Assets.xcassets; sourceTree = "<group>"; };
		C022C08F25AB1A24006F9AFA /* Base */ = {isa = PBXFileReference; lastKnownFileType = file.storyboard; name = Base; path = Base.lproj/LaunchScreen.storyboard; sourceTree = "<group>"; };
		C022C09125AB1A24006F9AFA /* Info.plist */ = {isa = PBXFileReference; lastKnownFileType = text.plist.xml; path = Info.plist; sourceTree = "<group>"; };
		C022C09625AB1A24006F9AFA /* Vitrue TestTests.xctest */ = {isa = PBXFileReference; explicitFileType = wrapper.cfbundle; includeInIndex = 0; path = "Vitrue TestTests.xctest"; sourceTree = BUILT_PRODUCTS_DIR; };
		C022C09C25AB1A24006F9AFA /* Info.plist */ = {isa = PBXFileReference; lastKnownFileType = text.plist.xml; path = Info.plist; sourceTree = "<group>"; };
		C0555AB325AB1BEE000A880F /* PalindromeCheckViewController.swift */ = {isa = PBXFileReference; lastKnownFileType = sourcecode.swift; path = PalindromeCheckViewController.swift; sourceTree = "<group>"; };
		C0555AB425AB1BEE000A880F /* PalindromeCheckViewController.xib */ = {isa = PBXFileReference; lastKnownFileType = file.xib; path = PalindromeCheckViewController.xib; sourceTree = "<group>"; };
		C0555AC225AB69F0000A880F /* PalindromeCheckInteractor.swift */ = {isa = PBXFileReference; lastKnownFileType = sourcecode.swift; path = PalindromeCheckInteractor.swift; sourceTree = "<group>"; };
		C0555AD625AB6E0E000A880F /* PalindromeCheckInteractorTests.swift */ = {isa = PBXFileReference; lastKnownFileType = sourcecode.swift; path = PalindromeCheckInteractorTests.swift; sourceTree = "<group>"; };
/* End PBXFileReference section */

/* Begin PBXFrameworksBuildPhase section */
		C022C07D25AB1A22006F9AFA /* Frameworks */ = {
			isa = PBXFrameworksBuildPhase;
			buildActionMask = 2147483647;
			files = (
			);
			runOnlyForDeploymentPostprocessing = 0;
		};
		C022C09325AB1A24006F9AFA /* Frameworks */ = {
			isa = PBXFrameworksBuildPhase;
			buildActionMask = 2147483647;
			files = (
			);
			runOnlyForDeploymentPostprocessing = 0;
		};
/* End PBXFrameworksBuildPhase section */

/* Begin PBXGroup section */
		C022C07725AB1A22006F9AFA = {
			isa = PBXGroup;
			children = (
				C022C08225AB1A22006F9AFA /* Vitrue Test */,
				C022C09925AB1A24006F9AFA /* Vitrue TestTests */,
				C022C08125AB1A22006F9AFA /* Products */,
			);
			sourceTree = "<group>";
		};
		C022C08125AB1A22006F9AFA /* Products */ = {
			isa = PBXGroup;
			children = (
				C022C08025AB1A22006F9AFA /* Vitrue Test.app */,
				C022C09625AB1A24006F9AFA /* Vitrue TestTests.xctest */,
			);
			name = Products;
			sourceTree = "<group>";
		};
		C022C08225AB1A22006F9AFA /* Vitrue Test */ = {
			isa = PBXGroup;
			children = (
				C0555AB225AB1BBC000A880F /* PalindromeCheck */,
				C022C08325AB1A22006F9AFA /* AppDelegate.swift */,
				C022C08525AB1A22006F9AFA /* SceneDelegate.swift */,
				C022C08C25AB1A24006F9AFA /* Assets.xcassets */,
				C022C08E25AB1A24006F9AFA /* LaunchScreen.storyboard */,
				C022C09125AB1A24006F9AFA /* Info.plist */,
			);
			path = "Vitrue Test";
			sourceTree = "<group>";
		};
		C022C09925AB1A24006F9AFA /* Vitrue TestTests */ = {
			isa = PBXGroup;
			children = (
				C0555AD625AB6E0E000A880F /* PalindromeCheckInteractorTests.swift */,
				C022C09C25AB1A24006F9AFA /* Info.plist */,
			);
			path = "Vitrue TestTests";
			sourceTree = "<group>";
		};
		C0555AB225AB1BBC000A880F /* PalindromeCheck */ = {
			isa = PBXGroup;
			children = (
				C0555AC225AB69F0000A880F /* PalindromeCheckInteractor.swift */,
				C0555AB325AB1BEE000A880F /* PalindromeCheckViewController.swift */,
				C0555AB425AB1BEE000A880F /* PalindromeCheckViewController.xib */,
			);
			path = PalindromeCheck;
			sourceTree = "<group>";
		};
/* End PBXGroup section */

/* Begin PBXNativeTarget section */
		C022C07F25AB1A22006F9AFA /* Vitrue Test */ = {
			isa = PBXNativeTarget;
			buildConfigurationList = C022C0AA25AB1A24006F9AFA /* Build configuration list for PBXNativeTarget "Vitrue Test" */;
			buildPhases = (
				C022C07C25AB1A22006F9AFA /* Sources */,
				C022C07D25AB1A22006F9AFA /* Frameworks */,
				C022C07E25AB1A22006F9AFA /* Resources */,
			);
			buildRules = (
			);
			dependencies = (
			);
			name = "Vitrue Test";
			productName = "Vitrue Test";
			productReference = C022C08025AB1A22006F9AFA /* Vitrue Test.app */;
			productType = "com.apple.product-type.application";
		};
		C022C09525AB1A24006F9AFA /* Vitrue TestTests */ = {
			isa = PBXNativeTarget;
			buildConfigurationList = C022C0AD25AB1A24006F9AFA /* Build configuration list for PBXNativeTarget "Vitrue TestTests" */;
			buildPhases = (
				C022C09225AB1A24006F9AFA /* Sources */,
				C022C09325AB1A24006F9AFA /* Frameworks */,
				C022C09425AB1A24006F9AFA /* Resources */,
			);
			buildRules = (
			);
			dependencies = (
				C022C09825AB1A24006F9AFA /* PBXTargetDependency */,
			);
			name = "Vitrue TestTests";
			productName = "Vitrue TestTests";
			productReference = C022C09625AB1A24006F9AFA /* Vitrue TestTests.xctest */;
			productType = "com.apple.product-type.bundle.unit-test";
		};
/* End PBXNativeTarget section */

/* Begin PBXProject section */
		C022C07825AB1A22006F9AFA /* Project object */ = {
			isa = PBXProject;
			attributes = {
				LastSwiftUpdateCheck = 1230;
				LastUpgradeCheck = 1230;
				TargetAttributes = {
					C022C07F25AB1A22006F9AFA = {
						CreatedOnToolsVersion = 12.3;
					};
					C022C09525AB1A24006F9AFA = {
						CreatedOnToolsVersion = 12.3;
						LastSwiftMigration = 1230;
						TestTargetID = C022C07F25AB1A22006F9AFA;
					};
				};
			};
			buildConfigurationList = C022C07B25AB1A22006F9AFA /* Build configuration list for PBXProject "Vitrue Test" */;
			compatibilityVersion = "Xcode 9.3";
			developmentRegion = en;
			hasScannedForEncodings = 0;
			knownRegions = (
				en,
				Base,
			);
			mainGroup = C022C07725AB1A22006F9AFA;
			productRefGroup = C022C08125AB1A22006F9AFA /* Products */;
			projectDirPath = "";
			projectRoot = "";
			targets = (
				C022C07F25AB1A22006F9AFA /* Vitrue Test */,
				C022C09525AB1A24006F9AFA /* Vitrue TestTests */,
			);
		};
/* End PBXProject section */

/* Begin PBXResourcesBuildPhase section */
		C022C07E25AB1A22006F9AFA /* Resources */ = {
			isa = PBXResourcesBuildPhase;
			buildActionMask = 2147483647;
			files = (
				C0555AB625AB1BEE000A880F /* PalindromeCheckViewController.xib in Resources */,
				C022C09025AB1A24006F9AFA /* LaunchScreen.storyboard in Resources */,
				C022C08D25AB1A24006F9AFA /* Assets.xcassets in Resources */,
			);
			runOnlyForDeploymentPostprocessing = 0;
		};
		C022C09425AB1A24006F9AFA /* Resources */ = {
			isa = PBXResourcesBuildPhase;
			buildActionMask = 2147483647;
			files = (
			);
			runOnlyForDeploymentPostprocessing = 0;
		};
/* End PBXResourcesBuildPhase section */

/* Begin PBXSourcesBuildPhase section */
		C022C07C25AB1A22006F9AFA /* Sources */ = {
			isa = PBXSourcesBuildPhase;
			buildActionMask = 2147483647;
			files = (
				C0555AC325AB69F0000A880F /* PalindromeCheckInteractor.swift in Sources */,
				C0555AB525AB1BEE000A880F /* PalindromeCheckViewController.swift in Sources */,
				C022C08425AB1A22006F9AFA /* AppDelegate.swift in Sources */,
				C022C08625AB1A22006F9AFA /* SceneDelegate.swift in Sources */,
			);
			runOnlyForDeploymentPostprocessing = 0;
		};
		C022C09225AB1A24006F9AFA /* Sources */ = {
			isa = PBXSourcesBuildPhase;
			buildActionMask = 2147483647;
			files = (
				C0555AD725AB6E0E000A880F /* PalindromeCheckInteractorTests.swift in Sources */,
			);
			runOnlyForDeploymentPostprocessing = 0;
		};
/* End PBXSourcesBuildPhase section */

/* Begin PBXTargetDependency section */
		C022C09825AB1A24006F9AFA /* PBXTargetDependency */ = {
			isa = PBXTargetDependency;
			target = C022C07F25AB1A22006F9AFA /* Vitrue Test */;
			targetProxy = C022C09725AB1A24006F9AFA /* PBXContainerItemProxy */;
		};
/* End PBXTargetDependency section */

/* Begin PBXVariantGroup section */
		C022C08E25AB1A24006F9AFA /* LaunchScreen.storyboard */ = {
			isa = PBXVariantGroup;
			children = (
				C022C08F25AB1A24006F9AFA /* Base */,
			);
			name = LaunchScreen.storyboard;
			sourceTree = "<group>";
		};
/* End PBXVariantGroup section */

/* Begin XCBuildConfiguration section */
		C022C0A825AB1A24006F9AFA /* Debug */ = {
			isa = XCBuildConfiguration;
			buildSettings = {
				ALWAYS_SEARCH_USER_PATHS = NO;
				CLANG_ANALYZER_NONNULL = YES;
				CLANG_ANALYZER_NUMBER_OBJECT_CONVERSION = YES_AGGRESSIVE;
				CLANG_CXX_LANGUAGE_STANDARD = "gnu++14";
				CLANG_CXX_LIBRARY = "libc++";
				CLANG_ENABLE_MODULES = YES;
				CLANG_ENABLE_OBJC_ARC = YES;
				CLANG_ENABLE_OBJC_WEAK = YES;
				CLANG_WARN_BLOCK_CAPTURE_AUTORELEASING = YES;
				CLANG_WARN_BOOL_CONVERSION = YES;
				CLANG_WARN_COMMA = YES;
				CLANG_WARN_CONSTANT_CONVERSION = YES;
				CLANG_WARN_DEPRECATED_OBJC_IMPLEMENTATIONS = YES;
				CLANG_WARN_DIRECT_OBJC_ISA_USAGE = YES_ERROR;
				CLANG_WARN_DOCUMENTATION_COMMENTS = YES;
				CLANG_WARN_EMPTY_BODY = YES;
				CLANG_WARN_ENUM_CONVERSION = YES;
				CLANG_WARN_INFINITE_RECURSION = YES;
				CLANG_WARN_INT_CONVERSION = YES;
				CLANG_WARN_NON_LITERAL_NULL_CONVERSION = YES;
				CLANG_WARN_OBJC_IMPLICIT_RETAIN_SELF = YES;
				CLANG_WARN_OBJC_LITERAL_CONVERSION = YES;
				CLANG_WARN_OBJC_ROOT_CLASS = YES_ERROR;
				CLANG_WARN_QUOTED_INCLUDE_IN_FRAMEWORK_HEADER = YES;
				CLANG_WARN_RANGE_LOOP_ANALYSIS = YES;
				CLANG_WARN_STRICT_PROTOTYPES = YES;
				CLANG_WARN_SUSPICIOUS_MOVE = YES;
				CLANG_WARN_UNGUARDED_AVAILABILITY = YES_AGGRESSIVE;
				CLANG_WARN_UNREACHABLE_CODE = YES;
				CLANG_WARN__DUPLICATE_METHOD_MATCH = YES;
				COPY_PHASE_STRIP = NO;
				DEBUG_INFORMATION_FORMAT = dwarf;
				ENABLE_STRICT_OBJC_MSGSEND = YES;
				ENABLE_TESTABILITY = YES;
				GCC_C_LANGUAGE_STANDARD = gnu11;
				GCC_DYNAMIC_NO_PIC = NO;
				GCC_NO_COMMON_BLOCKS = YES;
				GCC_OPTIMIZATION_LEVEL = 0;
				GCC_PREPROCESSOR_DEFINITIONS = (
					"DEBUG=1",
					"$(inherited)",
				);
				GCC_WARN_64_TO_32_BIT_CONVERSION = YES;
				GCC_WARN_ABOUT_RETURN_TYPE = YES_ERROR;
				GCC_WARN_UNDECLARED_SELECTOR = YES;
				GCC_WARN_UNINITIALIZED_AUTOS = YES_AGGRESSIVE;
				GCC_WARN_UNUSED_FUNCTION = YES;
				GCC_WARN_UNUSED_VARIABLE = YES;
				IPHONEOS_DEPLOYMENT_TARGET = 14.3;
				MTL_ENABLE_DEBUG_INFO = INCLUDE_SOURCE;
				MTL_FAST_MATH = YES;
				ONLY_ACTIVE_ARCH = YES;
				SDKROOT = iphoneos;
				SWIFT_ACTIVE_COMPILATION_CONDITIONS = DEBUG;
				SWIFT_OPTIMIZATION_LEVEL = "-Onone";
			};
			name = Debug;
		};
		C022C0A925AB1A24006F9AFA /* Release */ = {
			isa = XCBuildConfiguration;
			buildSettings = {
				ALWAYS_SEARCH_USER_PATHS = NO;
				CLANG_ANALYZER_NONNULL = YES;
				CLANG_ANALYZER_NUMBER_OBJECT_CONVERSION = YES_AGGRESSIVE;
				CLANG_CXX_LANGUAGE_STANDARD = "gnu++14";
				CLANG_CXX_LIBRARY = "libc++";
				CLANG_ENABLE_MODULES = YES;
				CLANG_ENABLE_OBJC_ARC = YES;
				CLANG_ENABLE_OBJC_WEAK = YES;
				CLANG_WARN_BLOCK_CAPTURE_AUTORELEASING = YES;
				CLANG_WARN_BOOL_CONVERSION = YES;
				CLANG_WARN_COMMA = YES;
				CLANG_WARN_CONSTANT_CONVERSION = YES;
				CLANG_WARN_DEPRECATED_OBJC_IMPLEMENTATIONS = YES;
				CLANG_WARN_DIRECT_OBJC_ISA_USAGE = YES_ERROR;
				CLANG_WARN_DOCUMENTATION_COMMENTS = YES;
				CLANG_WARN_EMPTY_BODY = YES;
				CLANG_WARN_ENUM_CONVERSION = YES;
				CLANG_WARN_INFINITE_RECURSION = YES;
				CLANG_WARN_INT_CONVERSION = YES;
				CLANG_WARN_NON_LITERAL_NULL_CONVERSION = YES;
				CLANG_WARN_OBJC_IMPLICIT_RETAIN_SELF = YES;
				CLANG_WARN_OBJC_LITERAL_CONVERSION = YES;
				CLANG_WARN_OBJC_ROOT_CLASS = YES_ERROR;
				CLANG_WARN_QUOTED_INCLUDE_IN_FRAMEWORK_HEADER = YES;
				CLANG_WARN_RANGE_LOOP_ANALYSIS = YES;
				CLANG_WARN_STRICT_PROTOTYPES = YES;
				CLANG_WARN_SUSPICIOUS_MOVE = YES;
				CLANG_WARN_UNGUARDED_AVAILABILITY = YES_AGGRESSIVE;
				CLANG_WARN_UNREACHABLE_CODE = YES;
				CLANG_WARN__DUPLICATE_METHOD_MATCH = YES;
				COPY_PHASE_STRIP = NO;
				DEBUG_INFORMATION_FORMAT = "dwarf-with-dsym";
				ENABLE_NS_ASSERTIONS = NO;
				ENABLE_STRICT_OBJC_MSGSEND = YES;
				GCC_C_LANGUAGE_STANDARD = gnu11;
				GCC_NO_COMMON_BLOCKS = YES;
				GCC_WARN_64_TO_32_BIT_CONVERSION = YES;
				GCC_WARN_ABOUT_RETURN_TYPE = YES_ERROR;
				GCC_WARN_UNDECLARED_SELECTOR = YES;
				GCC_WARN_UNINITIALIZED_AUTOS = YES_AGGRESSIVE;
				GCC_WARN_UNUSED_FUNCTION = YES;
				GCC_WARN_UNUSED_VARIABLE = YES;
				IPHONEOS_DEPLOYMENT_TARGET = 14.3;
				MTL_ENABLE_DEBUG_INFO = NO;
				MTL_FAST_MATH = YES;
				SDKROOT = iphoneos;
				SWIFT_COMPILATION_MODE = wholemodule;
				SWIFT_OPTIMIZATION_LEVEL = "-O";
				VALIDATE_PRODUCT = YES;
			};
			name = Release;
		};
		C022C0AB25AB1A24006F9AFA /* Debug */ = {
			isa = XCBuildConfiguration;
			buildSettings = {
				ASSETCATALOG_COMPILER_APPICON_NAME = AppIcon;
				ASSETCATALOG_COMPILER_GLOBAL_ACCENT_COLOR_NAME = AccentColor;
				CODE_SIGN_STYLE = Automatic;
				DEVELOPMENT_TEAM = H7SYS886QM;
				INFOPLIST_FILE = "Vitrue Test/Info.plist";
				LD_RUNPATH_SEARCH_PATHS = (
					"$(inherited)",
					"@executable_path/Frameworks",
				);
				PRODUCT_BUNDLE_IDENTIFIER = "vitrue.Vitrue-Test";
				PRODUCT_NAME = "$(TARGET_NAME)";
				SWIFT_VERSION = 5.0;
				TARGETED_DEVICE_FAMILY = "1,2";
			};
			name = Debug;
		};
		C022C0AC25AB1A24006F9AFA /* Release */ = {
			isa = XCBuildConfiguration;
			buildSettings = {
				ASSETCATALOG_COMPILER_APPICON_NAME = AppIcon;
				ASSETCATALOG_COMPILER_GLOBAL_ACCENT_COLOR_NAME = AccentColor;
				CODE_SIGN_STYLE = Automatic;
				DEVELOPMENT_TEAM = H7SYS886QM;
				INFOPLIST_FILE = "Vitrue Test/Info.plist";
				LD_RUNPATH_SEARCH_PATHS = (
					"$(inherited)",
					"@executable_path/Frameworks",
				);
				PRODUCT_BUNDLE_IDENTIFIER = "vitrue.Vitrue-Test";
				PRODUCT_NAME = "$(TARGET_NAME)";
				SWIFT_VERSION = 5.0;
				TARGETED_DEVICE_FAMILY = "1,2";
			};
			name = Release;
		};
		C022C0AE25AB1A24006F9AFA /* Debug */ = {
			isa = XCBuildConfiguration;
			buildSettings = {
				ALWAYS_EMBED_SWIFT_STANDARD_LIBRARIES = YES;
				BUNDLE_LOADER = "$(TEST_HOST)";
				CLANG_ENABLE_MODULES = YES;
				CODE_SIGN_STYLE = Automatic;
				DEVELOPMENT_TEAM = H7SYS886QM;
				INFOPLIST_FILE = "Vitrue TestTests/Info.plist";
				IPHONEOS_DEPLOYMENT_TARGET = 14.3;
				LD_RUNPATH_SEARCH_PATHS = (
					"$(inherited)",
					"@executable_path/Frameworks",
					"@loader_path/Frameworks",
				);
				PRODUCT_BUNDLE_IDENTIFIER = "vitrue.Vitrue-TestTests";
				PRODUCT_NAME = "$(TARGET_NAME)";
				SWIFT_OPTIMIZATION_LEVEL = "-Onone";
				SWIFT_VERSION = 5.0;
				TARGETED_DEVICE_FAMILY = "1,2";
				TEST_HOST = "$(BUILT_PRODUCTS_DIR)/Vitrue Test.app/Vitrue Test";
			};
			name = Debug;
		};
		C022C0AF25AB1A24006F9AFA /* Release */ = {
			isa = XCBuildConfiguration;
			buildSettings = {
				ALWAYS_EMBED_SWIFT_STANDARD_LIBRARIES = YES;
				BUNDLE_LOADER = "$(TEST_HOST)";
				CLANG_ENABLE_MODULES = YES;
				CODE_SIGN_STYLE = Automatic;
				DEVELOPMENT_TEAM = H7SYS886QM;
				INFOPLIST_FILE = "Vitrue TestTests/Info.plist";
				IPHONEOS_DEPLOYMENT_TARGET = 14.3;
				LD_RUNPATH_SEARCH_PATHS = (
					"$(inherited)",
					"@executable_path/Frameworks",
					"@loader_path/Frameworks",
				);
				PRODUCT_BUNDLE_IDENTIFIER = "vitrue.Vitrue-TestTests";
				PRODUCT_NAME = "$(TARGET_NAME)";
				SWIFT_VERSION = 5.0;
				TARGETED_DEVICE_FAMILY = "1,2";
				TEST_HOST = "$(BUILT_PRODUCTS_DIR)/Vitrue Test.app/Vitrue Test";
			};
			name = Release;
		};
/* End XCBuildConfiguration section */

/* Begin XCConfigurationList section */
		C022C07B25AB1A22006F9AFA /* Build configuration list for PBXProject "Vitrue Test" */ = {
			isa = XCConfigurationList;
			buildConfigurations = (
				C022C0A825AB1A24006F9AFA /* Debug */,
				C022C0A925AB1A24006F9AFA /* Release */,
			);
			defaultConfigurationIsVisible = 0;
			defaultConfigurationName = Release;
		};
		C022C0AA25AB1A24006F9AFA /* Build configuration list for PBXNativeTarget "Vitrue Test" */ = {
			isa = XCConfigurationList;
			buildConfigurations = (
				C022C0AB25AB1A24006F9AFA /* Debug */,
				C022C0AC25AB1A24006F9AFA /* Release */,
			);
			defaultConfigurationIsVisible = 0;
			defaultConfigurationName = Release;
		};
		C022C0AD25AB1A24006F9AFA /* Build configuration list for PBXNativeTarget "Vitrue TestTests" */ = {
			isa = XCConfigurationList;
			buildConfigurations = (
				C022C0AE25AB1A24006F9AFA /* Debug */,
				C022C0AF25AB1A24006F9AFA /* Release */,
			);
			defaultConfigurationIsVisible = 0;
			defaultConfigurationName = Release;
		};
/* End XCConfigurationList section */
	};
	rootObject = C022C07825AB1A22006F9AFA /* Project object */;
}
